
Microsoft Visual Studio Solution File, Format Version 12.00
# Visual Studio Version 17
VisualStudioVersion = 17.11.35327.3
MinimumVisualStudioVersion = 10.0.40219.1
Project("{9A19103F-16F7-4668-BE54-9A1E7A4F7556}") = "MinesweeperModel", "..\Minesweeper-Class\Minesweeper-Class\MinesweeperModel.csproj", "{3654587B-E67F-4241-B4F4-51CCD0C814AB}"
EndProject
Project("{9A19103F-16F7-4668-BE54-9A1E7A4F7556}") = "MinesweeperApp", "..\Minesweeper-App\Minesweeper-App\MinesweeperApp.csproj", "{D3A90FF5-7C74-4D1B-A6C2-7DAF7DA64F5B}"
EndProject
Global
	GlobalSection(SolutionConfigurationPlatforms) = preSolution
		Debug|Any CPU = Debug|Any CPU
		Release|Any CPU = Release|Any CPU
	EndGlobalSection
	GlobalSection(ProjectConfigurationPlatforms) = postSolution
		{3654587B-E67F-4241-B4F4-51CCD0C814AB}.Debug|Any CPU.ActiveCfg = Debug|Any CPU
		{3654587B-E67F-4241-B4F4-51CCD0C814AB}.Debug|Any CPU.Build.0 = Debug|Any CPU
		{3654587B-E67F-4241-B4F4-51CCD0C814AB}.Release|Any CPU.ActiveCfg = Release|Any CPU
		{3654587B-E67F-4241-B4F4-51CCD0C814AB}.Release|Any CPU.Build.0 = Release|Any CPU
		{D3A90FF5-7C74-4D1B-A6C2-7DAF7DA64F5B}.Debug|Any CPU.ActiveCfg = Debug|Any CPU
		{D3A90FF5-7C74-4D1B-A6C2-7DAF7DA64F5B}.Debug|Any CPU.Build.0 = Debug|Any CPU
		{D3A90FF5-7C74-4D1B-A6C2-7DAF7DA64F5B}.Release|Any CPU.ActiveCfg = Release|Any CPU
		{D3A90FF5-7C74-4D1B-A6C2-7DAF7DA64F5B}.Release|Any CPU.Build.0 = Release|Any CPU
	EndGlobalSection
	GlobalSection(SolutionProperties) = preSolution
		HideSolutionNode = FALSE
	EndGlobalSection
	GlobalSection(ExtensibilityGlobals) = postSolution
		SolutionGuid = {79A7A2E9-B3E5-4179-AA42-0093AD002917}
	EndGlobalSection
EndGlobal
